
Microsoft Visual Studio Solution File, Format Version 12.00
# Visual Studio Version 17
VisualStudioVersion = 17.1.32328.378
MinimumVisualStudioVersion = 10.0.40219.1
Project("{9A19103F-16F7-4668-BE54-9A1E7A4F7556}") = "TicTacToe.API", "TicTacToe.API\TicTacToe.API.csproj", "{5015463A-1982-4C35-BB38-46360C4639F5}"
EndProject
Project("{9A19103F-16F7-4668-BE54-9A1E7A4F7556}") = "TicTacToe.BLL", "TicTacToe.BLL\TicTacToe.BLL.csproj", "{48B8940B-0B17-4872-9D14-CF0CAC334E92}"
EndProject
Project("{9A19103F-16F7-4668-BE54-9A1E7A4F7556}") = "TicTacToe.DAL", "TicTacToe.DAL\TicTacToe.DAL.csproj", "{494E8B13-641E-46B4-955F-F75548F92307}"
EndProject
Project("{FAE04EC0-301F-11D3-BF4B-00C04F79EFBC}") = "TicTacToe.Common", "TicTacToe.Common\TicTacToe.Common.csproj", "{EEF3AAB3-C17F-4270-B996-0B00FFA544F8}"
EndProject
Project("{2150E333-8FDC-42A3-9474-1A3956D46DE8}") = "Tests", "Tests", "{50CF322A-DECE-4572-8C24-FF831529B7DE}"
EndProject
Project("{FAE04EC0-301F-11D3-BF4B-00C04F79EFBC}") = "TicTacToe.Common.Tests", "TicTacToe.Common.Tests\TicTacToe.Common.Tests.csproj", "{F8165949-A92E-44B9-80C0-D8B7738A5FD9}"
EndProject
Global
	GlobalSection(SolutionConfigurationPlatforms) = preSolution
		Debug|Any CPU = Debug|Any CPU
		Release|Any CPU = Release|Any CPU
	EndGlobalSection
	GlobalSection(ProjectConfigurationPlatforms) = postSolution
		{5015463A-1982-4C35-BB38-46360C4639F5}.Debug|Any CPU.ActiveCfg = Debug|Any CPU
		{5015463A-1982-4C35-BB38-46360C4639F5}.Debug|Any CPU.Build.0 = Debug|Any CPU
		{5015463A-1982-4C35-BB38-46360C4639F5}.Release|Any CPU.ActiveCfg = Release|Any CPU
		{5015463A-1982-4C35-BB38-46360C4639F5}.Release|Any CPU.Build.0 = Release|Any CPU
		{48B8940B-0B17-4872-9D14-CF0CAC334E92}.Debug|Any CPU.ActiveCfg = Debug|Any CPU
		{48B8940B-0B17-4872-9D14-CF0CAC334E92}.Debug|Any CPU.Build.0 = Debug|Any CPU
		{48B8940B-0B17-4872-9D14-CF0CAC334E92}.Release|Any CPU.ActiveCfg = Release|Any CPU
		{48B8940B-0B17-4872-9D14-CF0CAC334E92}.Release|Any CPU.Build.0 = Release|Any CPU
		{494E8B13-641E-46B4-955F-F75548F92307}.Debug|Any CPU.ActiveCfg = Debug|Any CPU
		{494E8B13-641E-46B4-955F-F75548F92307}.Debug|Any CPU.Build.0 = Debug|Any CPU
		{494E8B13-641E-46B4-955F-F75548F92307}.Release|Any CPU.ActiveCfg = Release|Any CPU
		{494E8B13-641E-46B4-955F-F75548F92307}.Release|Any CPU.Build.0 = Release|Any CPU
		{EEF3AAB3-C17F-4270-B996-0B00FFA544F8}.Debug|Any CPU.ActiveCfg = Debug|Any CPU
		{EEF3AAB3-C17F-4270-B996-0B00FFA544F8}.Debug|Any CPU.Build.0 = Debug|Any CPU
		{EEF3AAB3-C17F-4270-B996-0B00FFA544F8}.Release|Any CPU.ActiveCfg = Release|Any CPU
		{EEF3AAB3-C17F-4270-B996-0B00FFA544F8}.Release|Any CPU.Build.0 = Release|Any CPU
		{F8165949-A92E-44B9-80C0-D8B7738A5FD9}.Debug|Any CPU.ActiveCfg = Debug|Any CPU
		{F8165949-A92E-44B9-80C0-D8B7738A5FD9}.Debug|Any CPU.Build.0 = Debug|Any CPU
		{F8165949-A92E-44B9-80C0-D8B7738A5FD9}.Release|Any CPU.ActiveCfg = Release|Any CPU
		{F8165949-A92E-44B9-80C0-D8B7738A5FD9}.Release|Any CPU.Build.0 = Release|Any CPU
	EndGlobalSection
	GlobalSection(SolutionProperties) = preSolution
		HideSolutionNode = FALSE
	EndGlobalSection
	GlobalSection(NestedProjects) = preSolution
		{F8165949-A92E-44B9-80C0-D8B7738A5FD9} = {50CF322A-DECE-4572-8C24-FF831529B7DE}
	EndGlobalSection
	GlobalSection(ExtensibilityGlobals) = postSolution
		SolutionGuid = {04037C95-2424-496D-88DD-99991D69B463}
	EndGlobalSection
EndGlobal
